# THIS IS AN AUTOGENERATED FILE. DO NOT EDIT THIS FILE DIRECTLY.
# yarn lockfile v1


"@json-schema-tools/referencer@^1.0.3":
  version "1.0.3"
  resolved "https://registry.yarnpkg.com/@json-schema-tools/referencer/-/referencer-1.0.3.tgz#7001a9f4c5a08899200bfdd7d3355fc09948cd27"
  integrity sha512-/a9IyzU08B120X70hXPpZKjbQesz6bq3PrnkubbFaQyiB+lBrw2hlBQo1GHAGZCybz2xrnn4VMRMLsF3PT10wg==
  dependencies:
    "@json-schema-tools/traverse" "^1.7.3"

"@json-schema-tools/titleizer@^1.0.4":
  version "1.0.4"
  resolved "https://registry.yarnpkg.com/@json-schema-tools/titleizer/-/titleizer-1.0.4.tgz#df4bd37cfc2963c6091028b96c3b885055ed4a49"
  integrity sha512-3VQDsTBxnnJ/9PDJ8sFdYDqzMo2QowNEH2wIa886n3IsGiFpozaCg8+ZHGu43O4iKJKqLh9dCnoxHBeJLb+ntA==
  dependencies:
    "@json-schema-tools/traverse" "^1.7.3"

"@json-schema-tools/transpiler@^1.7.0":
  version "1.7.0"
  resolved "https://registry.yarnpkg.com/@json-schema-tools/transpiler/-/transpiler-1.7.0.tgz#0e426c3beb0fe2e74965a52b36aefac70c8ebf4e"
  integrity sha512-R7Tz5Dm8bv29uAqCwzUMJrBYX1SWkzokBH60Dk3JHtkRfSOLw4QvgO3xPY9VN2Axn3WAy4VAK1xznbLVWlyOmg==
  dependencies:
    "@json-schema-tools/referencer" "^1.0.3"
    "@json-schema-tools/titleizer" "^1.0.4"
    "@json-schema-tools/traverse" "^1.7.7"
    lodash.deburr "^4.1.0"
    lodash.trim "^4.5.1"

"@json-schema-tools/traverse@^1.7.3", "@json-schema-tools/traverse@^1.7.7":
  version "1.7.7"
  resolved "https://registry.yarnpkg.com/@json-schema-tools/traverse/-/traverse-1.7.7.tgz#1b5ec2854fec23a5ac3ff04d459c2ac11bcf2df2"
  integrity sha512-ch/pPoOEIeKe1PKbfuLEIM8MAdTiR+fr9BYk6VTlIHrya5f5d8shJg6h/oQgD3K/ftjU/RYBGGalw9Pz4pCXew==

lodash.deburr@^4.1.0:
  version "4.1.0"
  resolved "https://registry.yarnpkg.com/lodash.deburr/-/lodash.deburr-4.1.0.tgz#ddb1bbb3ef07458c0177ba07de14422cb033ff9b"
  integrity sha1-3bG7s+8HRYwBd7oH3hRCLLAz/5s=

lodash.trim@^4.5.1:
  version "4.5.1"
  resolved "https://registry.yarnpkg.com/lodash.trim/-/lodash.trim-4.5.1.tgz#36425e7ee90be4aa5e27bcebb85b7d11ea47aa57"
  integrity sha1-NkJefukL5KpeJ7zruFt9EepHqlc=
